
Microsoft Visual Studio Solution File, Format Version 12.00
# Visual Studio 15
VisualStudioVersion = 15.0.27428.2015
MinimumVisualStudioVersion = 10.0.40219.1
Project("{FAE04EC0-301F-11D3-BF4B-00C04F79EFBC}") = "LeaderAnalytics.Caching", "LeaderAnalytics.Caching\LeaderAnalytics.Caching.csproj", "{40E80186-7BC7-41A8-95ED-6B1E30BD3D0D}"
EndProject
Project("{FAE04EC0-301F-11D3-BF4B-00C04F79EFBC}") = "LeaderAnalytics.Caching.Tests", "LeaderAnalytics.Caching.Tests\LeaderAnalytics.Caching.Tests.csproj", "{2A3D54A9-D011-41B2-9E48-EA4E46A23B92}"
EndProject
Global
	GlobalSection(SolutionConfigurationPlatforms) = preSolution
		Debug|Any CPU = Debug|Any CPU
		Release|Any CPU = Release|Any CPU
	EndGlobalSection
	GlobalSection(ProjectConfigurationPlatforms) = postSolution
		{40E80186-7BC7-41A8-95ED-6B1E30BD3D0D}.Debug|Any CPU.ActiveCfg = Debug|Any CPU
		{40E80186-7BC7-41A8-95ED-6B1E30BD3D0D}.Debug|Any CPU.Build.0 = Debug|Any CPU
		{40E80186-7BC7-41A8-95ED-6B1E30BD3D0D}.Release|Any CPU.ActiveCfg = Release|Any CPU
		{40E80186-7BC7-41A8-95ED-6B1E30BD3D0D}.Release|Any CPU.Build.0 = Release|Any CPU
		{2A3D54A9-D011-41B2-9E48-EA4E46A23B92}.Debug|Any CPU.ActiveCfg = Debug|Any CPU
		{2A3D54A9-D011-41B2-9E48-EA4E46A23B92}.Debug|Any CPU.Build.0 = Debug|Any CPU
		{2A3D54A9-D011-41B2-9E48-EA4E46A23B92}.Release|Any CPU.ActiveCfg = Release|Any CPU
		{2A3D54A9-D011-41B2-9E48-EA4E46A23B92}.Release|Any CPU.Build.0 = Release|Any CPU
	EndGlobalSection
	GlobalSection(SolutionProperties) = preSolution
		HideSolutionNode = FALSE
	EndGlobalSection
	GlobalSection(ExtensibilityGlobals) = postSolution
		SolutionGuid = {7D9318B6-ED86-47D5-AD70-7B0CD0D73226}
	EndGlobalSection
EndGlobal
